
Microsoft Visual Studio Solution File, Format Version 12.00
# Visual Studio Version 16
VisualStudioVersion = 16.0.30011.22
MinimumVisualStudioVersion = 10.0.40219.1
Project("{FAE04EC0-301F-11D3-BF4B-00C04F79EFBC}") = "SignalMonitoring.API", "SignalMonitoring.API\SignalMonitoring.API.csproj", "{7DCA27C7-02D5-4193-AD2C-BEAADDB1D763}"
EndProject
Global
	GlobalSection(SolutionConfigurationPlatforms) = preSolution
		Debug|Any CPU = Debug|Any CPU
		Release|Any CPU = Release|Any CPU
	EndGlobalSection
	GlobalSection(ProjectConfigurationPlatforms) = postSolution
		{7DCA27C7-02D5-4193-AD2C-BEAADDB1D763}.Debug|Any CPU.ActiveCfg = Debug|Any CPU
		{7DCA27C7-02D5-4193-AD2C-BEAADDB1D763}.Debug|Any CPU.Build.0 = Debug|Any CPU
		{7DCA27C7-02D5-4193-AD2C-BEAADDB1D763}.Release|Any CPU.ActiveCfg = Release|Any CPU
		{7DCA27C7-02D5-4193-AD2C-BEAADDB1D763}.Release|Any CPU.Build.0 = Release|Any CPU
	EndGlobalSection
	GlobalSection(SolutionProperties) = preSolution
		HideSolutionNode = FALSE
	EndGlobalSection
	GlobalSection(ExtensibilityGlobals) = postSolution
		SolutionGuid = {2DB11F67-E13C-4971-BF96-A4A50BC98928}
	EndGlobalSection
EndGlobal
